
Microsoft Visual Studio Solution File, Format Version 12.00
# Visual Studio Version 16
VisualStudioVersion = 16.0.31129.286
MinimumVisualStudioVersion = 10.0.40219.1
Project("{8BC9CEB8-8B4A-11D0-8D11-00A0C91BC942}") = "chp09-01.간단한 다익스트라 알고리즘", "chp09-01.간단한 다익스트라 알고리즘\chp09-01.간단한 다익스트라 알고리즘.vcxproj", "{F766A920-AE5F-4748-A94F-B6A11B7793FA}"
EndProject
Project("{8BC9CEB8-8B4A-11D0-8D11-00A0C91BC942}") = "연습장", "연습장\연습장.vcxproj", "{8A2BF8FC-8397-445A-AB97-79BEC65FC267}"
EndProject
Project("{8BC9CEB8-8B4A-11D0-8D11-00A0C91BC942}") = "chp09-02.개선된 다익스트라 알고리즘", "chp09-02.개선된 다익스트라 알고리즘\chp09-02.개선된 다익스트라 알고리즘.vcxproj", "{1FCC8749-E2EE-4238-A9A0-85A6B790FC60}"
EndProject
Project("{8BC9CEB8-8B4A-11D0-8D11-00A0C91BC942}") = "chp09-03.플로이드 워셜 알고리즘", "chp09-03.플로이드 워셜 알고리즘\chp09-03.플로이드 워셜 알고리즘.vcxproj", "{B578B706-0ABA-4844-954C-0C34E7F6115D}"
EndProject
Project("{8BC9CEB8-8B4A-11D0-8D11-00A0C91BC942}") = "chp09-04.미래도시", "chp09-04.미래도시\chp09-04.미래도시.vcxproj", "{032E5673-7CE5-46F8-BEB9-8D6C2DDA328B}"
EndProject
Project("{8BC9CEB8-8B4A-11D0-8D11-00A0C91BC942}") = "chp09-05.전보", "chp09-05.전보\chp09-05.전보.vcxproj", "{4DFD0D68-9C9E-48EF-9ECE-5F0E41C8E4D2}"
EndProject
Global
	GlobalSection(SolutionConfigurationPlatforms) = preSolution
		Debug|x64 = Debug|x64
		Debug|x86 = Debug|x86
		Release|x64 = Release|x64
		Release|x86 = Release|x86
	EndGlobalSection
	GlobalSection(ProjectConfigurationPlatforms) = postSolution
		{F766A920-AE5F-4748-A94F-B6A11B7793FA}.Debug|x64.ActiveCfg = Debug|x64
		{F766A920-AE5F-4748-A94F-B6A11B7793FA}.Debug|x64.Build.0 = Debug|x64
		{F766A920-AE5F-4748-A94F-B6A11B7793FA}.Debug|x86.ActiveCfg = Debug|Win32
		{F766A920-AE5F-4748-A94F-B6A11B7793FA}.Debug|x86.Build.0 = Debug|Win32
		{F766A920-AE5F-4748-A94F-B6A11B7793FA}.Release|x64.ActiveCfg = Release|x64
		{F766A920-AE5F-4748-A94F-B6A11B7793FA}.Release|x64.Build.0 = Release|x64
		{F766A920-AE5F-4748-A94F-B6A11B7793FA}.Release|x86.ActiveCfg = Release|Win32
		{F766A920-AE5F-4748-A94F-B6A11B7793FA}.Release|x86.Build.0 = Release|Win32
		{8A2BF8FC-8397-445A-AB97-79BEC65FC267}.Debug|x64.ActiveCfg = Debug|x64
		{8A2BF8FC-8397-445A-AB97-79BEC65FC267}.Debug|x64.Build.0 = Debug|x64
		{8A2BF8FC-8397-445A-AB97-79BEC65FC267}.Debug|x86.ActiveCfg = Debug|Win32
		{8A2BF8FC-8397-445A-AB97-79BEC65FC267}.Debug|x86.Build.0 = Debug|Win32
		{8A2BF8FC-8397-445A-AB97-79BEC65FC267}.Release|x64.ActiveCfg = Release|x64
		{8A2BF8FC-8397-445A-AB97-79BEC65FC267}.Release|x64.Build.0 = Release|x64
		{8A2BF8FC-8397-445A-AB97-79BEC65FC267}.Release|x86.ActiveCfg = Release|Win32
		{8A2BF8FC-8397-445A-AB97-79BEC65FC267}.Release|x86.Build.0 = Release|Win32
		{1FCC8749-E2EE-4238-A9A0-85A6B790FC60}.Debug|x64.ActiveCfg = Debug|x64
		{1FCC8749-E2EE-4238-A9A0-85A6B790FC60}.Debug|x64.Build.0 = Debug|x64
		{1FCC8749-E2EE-4238-A9A0-85A6B790FC60}.Debug|x86.ActiveCfg = Debug|Win32
		{1FCC8749-E2EE-4238-A9A0-85A6B790FC60}.Debug|x86.Build.0 = Debug|Win32
		{1FCC8749-E2EE-4238-A9A0-85A6B790FC60}.Release|x64.ActiveCfg = Release|x64
		{1FCC8749-E2EE-4238-A9A0-85A6B790FC60}.Release|x64.Build.0 = Release|x64
		{1FCC8749-E2EE-4238-A9A0-85A6B790FC60}.Release|x86.ActiveCfg = Release|Win32
		{1FCC8749-E2EE-4238-A9A0-85A6B790FC60}.Release|x86.Build.0 = Release|Win32
		{B578B706-0ABA-4844-954C-0C34E7F6115D}.Debug|x64.ActiveCfg = Debug|x64
		{B578B706-0ABA-4844-954C-0C34E7F6115D}.Debug|x64.Build.0 = Debug|x64
		{B578B706-0ABA-4844-954C-0C34E7F6115D}.Debug|x86.ActiveCfg = Debug|Win32
		{B578B706-0ABA-4844-954C-0C34E7F6115D}.Debug|x86.Build.0 = Debug|Win32
		{B578B706-0ABA-4844-954C-0C34E7F6115D}.Release|x64.ActiveCfg = Release|x64
		{B578B706-0ABA-4844-954C-0C34E7F6115D}.Release|x64.Build.0 = Release|x64
		{B578B706-0ABA-4844-954C-0C34E7F6115D}.Release|x86.ActiveCfg = Release|Win32
		{B578B706-0ABA-4844-954C-0C34E7F6115D}.Release|x86.Build.0 = Release|Win32
		{032E5673-7CE5-46F8-BEB9-8D6C2DDA328B}.Debug|x64.ActiveCfg = Debug|x64
		{032E5673-7CE5-46F8-BEB9-8D6C2DDA328B}.Debug|x64.Build.0 = Debug|x64
		{032E5673-7CE5-46F8-BEB9-8D6C2DDA328B}.Debug|x86.ActiveCfg = Debug|Win32
		{032E5673-7CE5-46F8-BEB9-8D6C2DDA328B}.Debug|x86.Build.0 = Debug|Win32
		{032E5673-7CE5-46F8-BEB9-8D6C2DDA328B}.Release|x64.ActiveCfg = Release|x64
		{032E5673-7CE5-46F8-BEB9-8D6C2DDA328B}.Release|x64.Build.0 = Release|x64
		{032E5673-7CE5-46F8-BEB9-8D6C2DDA328B}.Release|x86.ActiveCfg = Release|Win32
		{032E5673-7CE5-46F8-BEB9-8D6C2DDA328B}.Release|x86.Build.0 = Release|Win32
		{4DFD0D68-9C9E-48EF-9ECE-5F0E41C8E4D2}.Debug|x64.ActiveCfg = Debug|x64
		{4DFD0D68-9C9E-48EF-9ECE-5F0E41C8E4D2}.Debug|x64.Build.0 = Debug|x64
		{4DFD0D68-9C9E-48EF-9ECE-5F0E41C8E4D2}.Debug|x86.ActiveCfg = Debug|Win32
		{4DFD0D68-9C9E-48EF-9ECE-5F0E41C8E4D2}.Debug|x86.Build.0 = Debug|Win32
		{4DFD0D68-9C9E-48EF-9ECE-5F0E41C8E4D2}.Release|x64.ActiveCfg = Release|x64
		{4DFD0D68-9C9E-48EF-9ECE-5F0E41C8E4D2}.Release|x64.Build.0 = Release|x64
		{4DFD0D68-9C9E-48EF-9ECE-5F0E41C8E4D2}.Release|x86.ActiveCfg = Release|Win32
		{4DFD0D68-9C9E-48EF-9ECE-5F0E41C8E4D2}.Release|x86.Build.0 = Release|Win32
	EndGlobalSection
	GlobalSection(SolutionProperties) = preSolution
		HideSolutionNode = FALSE
	EndGlobalSection
	GlobalSection(ExtensibilityGlobals) = postSolution
		SolutionGuid = {39EFE58D-26D1-48A6-872C-1A3F4765BF5E}
	EndGlobalSection
EndGlobal
