
Microsoft Visual Studio Solution File, Format Version 12.00
# Visual Studio Version 16
VisualStudioVersion = 16.0.31129.286
MinimumVisualStudioVersion = 10.0.40219.1
Project("{8BC9CEB8-8B4A-11D0-8D11-00A0C91BC942}") = "chp08-01.피보나치 함수", "chp08-01.피보나치 함수\chp08-01.피보나치 함수.vcxproj", "{057E3D2E-BC26-4B3B-ACC3-04F64FDFEA95}"
EndProject
Project("{8BC9CEB8-8B4A-11D0-8D11-00A0C91BC942}") = "chp08-02.피보나치 수열(메모제이션,캐싱)", "chp08-02.피보나치 수열(메모제이션,캐싱)\chp08-02.피보나치 수열(메모제이션,캐싱).vcxproj", "{8FE05439-ED0F-4364-B992-F0AAB4880E9B}"
EndProject
Project("{8BC9CEB8-8B4A-11D0-8D11-00A0C91BC942}") = "chp08-03.호출되는 함수 확인하기", "chp08-03.호출되는 함수 확인하기\chp08-03.호출되는 함수 확인하기.vcxproj", "{3D817258-2AFF-46E1-AA5E-E965C3C940A1}"
EndProject
Project("{8BC9CEB8-8B4A-11D0-8D11-00A0C91BC942}") = "chp08-04.피보나치 수열(반복적)", "chp08-04.피보나치 수열(반복적)\chp08-04.피보나치 수열(반복적).vcxproj", "{93873D58-ED48-4924-9F11-0CEB4647F129}"
EndProject
Project("{8BC9CEB8-8B4A-11D0-8D11-00A0C91BC942}") = "chp08-05.1로 만들기", "chp08-05.1로 만들기\chp08-05.1로 만들기.vcxproj", "{EE432D07-502F-42FF-8862-ABB865021826}"
EndProject
Project("{8BC9CEB8-8B4A-11D0-8D11-00A0C91BC942}") = "chp08-06.개미전사", "chp08-06.개미전사\chp08-06.개미전사.vcxproj", "{38CA506A-BE27-4E8E-90DF-ABE5DBFA60BE}"
EndProject
Project("{8BC9CEB8-8B4A-11D0-8D11-00A0C91BC942}") = "chp08-07.바닥공사", "chp08-07.바닥공사\chp08-07.바닥공사.vcxproj", "{BC1F59A6-89E8-4617-9612-C07F1FBABFDF}"
EndProject
Project("{8BC9CEB8-8B4A-11D0-8D11-00A0C91BC942}") = "chp08-08.효율적인 화폐 구성", "chp08-08.효율적인 화폐 구성\chp08-08.효율적인 화폐 구성.vcxproj", "{1D2FFF37-2B17-4A68-B8D5-DF36513CEC09}"
EndProject
Global
	GlobalSection(SolutionConfigurationPlatforms) = preSolution
		Debug|x64 = Debug|x64
		Debug|x86 = Debug|x86
		Release|x64 = Release|x64
		Release|x86 = Release|x86
	EndGlobalSection
	GlobalSection(ProjectConfigurationPlatforms) = postSolution
		{057E3D2E-BC26-4B3B-ACC3-04F64FDFEA95}.Debug|x64.ActiveCfg = Debug|x64
		{057E3D2E-BC26-4B3B-ACC3-04F64FDFEA95}.Debug|x64.Build.0 = Debug|x64
		{057E3D2E-BC26-4B3B-ACC3-04F64FDFEA95}.Debug|x86.ActiveCfg = Debug|Win32
		{057E3D2E-BC26-4B3B-ACC3-04F64FDFEA95}.Debug|x86.Build.0 = Debug|Win32
		{057E3D2E-BC26-4B3B-ACC3-04F64FDFEA95}.Release|x64.ActiveCfg = Release|x64
		{057E3D2E-BC26-4B3B-ACC3-04F64FDFEA95}.Release|x64.Build.0 = Release|x64
		{057E3D2E-BC26-4B3B-ACC3-04F64FDFEA95}.Release|x86.ActiveCfg = Release|Win32
		{057E3D2E-BC26-4B3B-ACC3-04F64FDFEA95}.Release|x86.Build.0 = Release|Win32
		{8FE05439-ED0F-4364-B992-F0AAB4880E9B}.Debug|x64.ActiveCfg = Debug|x64
		{8FE05439-ED0F-4364-B992-F0AAB4880E9B}.Debug|x64.Build.0 = Debug|x64
		{8FE05439-ED0F-4364-B992-F0AAB4880E9B}.Debug|x86.ActiveCfg = Debug|Win32
		{8FE05439-ED0F-4364-B992-F0AAB4880E9B}.Debug|x86.Build.0 = Debug|Win32
		{8FE05439-ED0F-4364-B992-F0AAB4880E9B}.Release|x64.ActiveCfg = Release|x64
		{8FE05439-ED0F-4364-B992-F0AAB4880E9B}.Release|x64.Build.0 = Release|x64
		{8FE05439-ED0F-4364-B992-F0AAB4880E9B}.Release|x86.ActiveCfg = Release|Win32
		{8FE05439-ED0F-4364-B992-F0AAB4880E9B}.Release|x86.Build.0 = Release|Win32
		{3D817258-2AFF-46E1-AA5E-E965C3C940A1}.Debug|x64.ActiveCfg = Debug|x64
		{3D817258-2AFF-46E1-AA5E-E965C3C940A1}.Debug|x64.Build.0 = Debug|x64
		{3D817258-2AFF-46E1-AA5E-E965C3C940A1}.Debug|x86.ActiveCfg = Debug|Win32
		{3D817258-2AFF-46E1-AA5E-E965C3C940A1}.Debug|x86.Build.0 = Debug|Win32
		{3D817258-2AFF-46E1-AA5E-E965C3C940A1}.Release|x64.ActiveCfg = Release|x64
		{3D817258-2AFF-46E1-AA5E-E965C3C940A1}.Release|x64.Build.0 = Release|x64
		{3D817258-2AFF-46E1-AA5E-E965C3C940A1}.Release|x86.ActiveCfg = Release|Win32
		{3D817258-2AFF-46E1-AA5E-E965C3C940A1}.Release|x86.Build.0 = Release|Win32
		{93873D58-ED48-4924-9F11-0CEB4647F129}.Debug|x64.ActiveCfg = Debug|x64
		{93873D58-ED48-4924-9F11-0CEB4647F129}.Debug|x64.Build.0 = Debug|x64
		{93873D58-ED48-4924-9F11-0CEB4647F129}.Debug|x86.ActiveCfg = Debug|Win32
		{93873D58-ED48-4924-9F11-0CEB4647F129}.Debug|x86.Build.0 = Debug|Win32
		{93873D58-ED48-4924-9F11-0CEB4647F129}.Release|x64.ActiveCfg = Release|x64
		{93873D58-ED48-4924-9F11-0CEB4647F129}.Release|x64.Build.0 = Release|x64
		{93873D58-ED48-4924-9F11-0CEB4647F129}.Release|x86.ActiveCfg = Release|Win32
		{93873D58-ED48-4924-9F11-0CEB4647F129}.Release|x86.Build.0 = Release|Win32
		{EE432D07-502F-42FF-8862-ABB865021826}.Debug|x64.ActiveCfg = Debug|x64
		{EE432D07-502F-42FF-8862-ABB865021826}.Debug|x64.Build.0 = Debug|x64
		{EE432D07-502F-42FF-8862-ABB865021826}.Debug|x86.ActiveCfg = Debug|Win32
		{EE432D07-502F-42FF-8862-ABB865021826}.Debug|x86.Build.0 = Debug|Win32
		{EE432D07-502F-42FF-8862-ABB865021826}.Release|x64.ActiveCfg = Release|x64
		{EE432D07-502F-42FF-8862-ABB865021826}.Release|x64.Build.0 = Release|x64
		{EE432D07-502F-42FF-8862-ABB865021826}.Release|x86.ActiveCfg = Release|Win32
		{EE432D07-502F-42FF-8862-ABB865021826}.Release|x86.Build.0 = Release|Win32
		{38CA506A-BE27-4E8E-90DF-ABE5DBFA60BE}.Debug|x64.ActiveCfg = Debug|x64
		{38CA506A-BE27-4E8E-90DF-ABE5DBFA60BE}.Debug|x64.Build.0 = Debug|x64
		{38CA506A-BE27-4E8E-90DF-ABE5DBFA60BE}.Debug|x86.ActiveCfg = Debug|Win32
		{38CA506A-BE27-4E8E-90DF-ABE5DBFA60BE}.Debug|x86.Build.0 = Debug|Win32
		{38CA506A-BE27-4E8E-90DF-ABE5DBFA60BE}.Release|x64.ActiveCfg = Release|x64
		{38CA506A-BE27-4E8E-90DF-ABE5DBFA60BE}.Release|x64.Build.0 = Release|x64
		{38CA506A-BE27-4E8E-90DF-ABE5DBFA60BE}.Release|x86.ActiveCfg = Release|Win32
		{38CA506A-BE27-4E8E-90DF-ABE5DBFA60BE}.Release|x86.Build.0 = Release|Win32
		{BC1F59A6-89E8-4617-9612-C07F1FBABFDF}.Debug|x64.ActiveCfg = Debug|x64
		{BC1F59A6-89E8-4617-9612-C07F1FBABFDF}.Debug|x64.Build.0 = Debug|x64
		{BC1F59A6-89E8-4617-9612-C07F1FBABFDF}.Debug|x86.ActiveCfg = Debug|Win32
		{BC1F59A6-89E8-4617-9612-C07F1FBABFDF}.Debug|x86.Build.0 = Debug|Win32
		{BC1F59A6-89E8-4617-9612-C07F1FBABFDF}.Release|x64.ActiveCfg = Release|x64
		{BC1F59A6-89E8-4617-9612-C07F1FBABFDF}.Release|x64.Build.0 = Release|x64
		{BC1F59A6-89E8-4617-9612-C07F1FBABFDF}.Release|x86.ActiveCfg = Release|Win32
		{BC1F59A6-89E8-4617-9612-C07F1FBABFDF}.Release|x86.Build.0 = Release|Win32
		{1D2FFF37-2B17-4A68-B8D5-DF36513CEC09}.Debug|x64.ActiveCfg = Debug|x64
		{1D2FFF37-2B17-4A68-B8D5-DF36513CEC09}.Debug|x64.Build.0 = Debug|x64
		{1D2FFF37-2B17-4A68-B8D5-DF36513CEC09}.Debug|x86.ActiveCfg = Debug|Win32
		{1D2FFF37-2B17-4A68-B8D5-DF36513CEC09}.Debug|x86.Build.0 = Debug|Win32
		{1D2FFF37-2B17-4A68-B8D5-DF36513CEC09}.Release|x64.ActiveCfg = Release|x64
		{1D2FFF37-2B17-4A68-B8D5-DF36513CEC09}.Release|x64.Build.0 = Release|x64
		{1D2FFF37-2B17-4A68-B8D5-DF36513CEC09}.Release|x86.ActiveCfg = Release|Win32
		{1D2FFF37-2B17-4A68-B8D5-DF36513CEC09}.Release|x86.Build.0 = Release|Win32
	EndGlobalSection
	GlobalSection(SolutionProperties) = preSolution
		HideSolutionNode = FALSE
	EndGlobalSection
	GlobalSection(ExtensibilityGlobals) = postSolution
		SolutionGuid = {04522F92-3111-4FE9-891A-2F76D19E9B7E}
	EndGlobalSection
EndGlobal
