
Microsoft Visual Studio Solution File, Format Version 12.00
# Visual Studio Version 17
VisualStudioVersion = 17.1.32210.238
MinimumVisualStudioVersion = 10.0.40219.1
Project("{8BC9CEB8-8B4A-11D0-8D11-00A0C91BC942}") = "01.Hello00P1", "01.Hello00P1\01.Hello00P1.vcxproj", "{65455085-870B-4906-A74C-37526EF34328}"
EndProject
Project("{8BC9CEB8-8B4A-11D0-8D11-00A0C91BC942}") = "02.Hello00P2", "02.Hello00P2\02.Hello00P2.vcxproj", "{EF3D3828-DD10-4B73-A394-B1D6B98951D4}"
EndProject
Project("{8BC9CEB8-8B4A-11D0-8D11-00A0C91BC942}") = "03.Hello00P3", "03.Hello00P3\03.Hello00P3.vcxproj", "{CA1C7FEE-9285-4680-80D5-946D9ED9E0DB}"
EndProject
Project("{8BC9CEB8-8B4A-11D0-8D11-00A0C91BC942}") = "04.Hello00P", "04.Hello00P\04.Hello00P.vcxproj", "{28A294A1-DCD1-4D75-A506-E3F052DED896}"
EndProject
Project("{8BC9CEB8-8B4A-11D0-8D11-00A0C91BC942}") = "05.MemberInit1", "05.MemberInit1\05.MemberInit1.vcxproj", "{B7D601FD-C5C7-46CA-9D48-816A22B2F641}"
EndProject
Project("{8BC9CEB8-8B4A-11D0-8D11-00A0C91BC942}") = "07.MemberInit3", "07.MemberInit3\07.MemberInit3.vcxproj", "{D2FD933B-956A-4ECC-9528-4DDDE77B4295}"
EndProject
Project("{8BC9CEB8-8B4A-11D0-8D11-00A0C91BC942}") = "08.MemberInit4", "08.MemberInit4\08.MemberInit4.vcxproj", "{BEC90F09-B6DA-454D-84EF-E22942550FD4}"
EndProject
Project("{8BC9CEB8-8B4A-11D0-8D11-00A0C91BC942}") = "09.MemberInit5", "09.MemberInit5\09.MemberInit5.vcxproj", "{FCD00EFC-645F-4E4C-B7FF-C3EFD2760079}"
EndProject
Project("{8BC9CEB8-8B4A-11D0-8D11-00A0C91BC942}") = "10.AccessCtrl", "10.AccessCtrl\10.AccessCtrl.vcxproj", "{48A300D9-4F87-4636-936A-5D3619198915}"
EndProject
Project("{8BC9CEB8-8B4A-11D0-8D11-00A0C91BC942}") = "11.Constructor1", "11.Constructor1\11.Constructor1.vcxproj", "{58556A4B-8C08-4E35-B0FF-ABBB232BB589}"
EndProject
Project("{8BC9CEB8-8B4A-11D0-8D11-00A0C91BC942}") = "12.Constructor2", "12.Constructor2\12.Constructor2.vcxproj", "{E83018B1-EB91-4C10-8CA7-09C04E6F93DB}"
EndProject
Project("{8BC9CEB8-8B4A-11D0-8D11-00A0C91BC942}") = "13.ClassNew", "13.ClassNew\13.ClassNew.vcxproj", "{0B42A99F-C6CB-4FF1-8B34-A04462283543}"
EndProject
Project("{8BC9CEB8-8B4A-11D0-8D11-00A0C91BC942}") = "14.RefSample", "14.RefSample\14.RefSample.vcxproj", "{99EFEE5E-0052-4471-AFBB-5CF66904ABA7}"
EndProject
Project("{8BC9CEB8-8B4A-11D0-8D11-00A0C91BC942}") = "15.ConstructorOver1", "15.ConstructorOver1\15.ConstructorOver1.vcxproj", "{90B5D282-D071-4757-A4D6-28C0A5984562}"
EndProject
Project("{8BC9CEB8-8B4A-11D0-8D11-00A0C91BC942}") = "16.ConstructorOver2", "16.ConstructorOver2\16.ConstructorOver2.vcxproj", "{423BFE03-2583-47A8-9AE3-9CC14EFDE105}"
EndProject
Project("{8BC9CEB8-8B4A-11D0-8D11-00A0C91BC942}") = "17.ExpDefaultConstructor", "17.ExpDefaultConstructor\17.ExpDefaultConstructor.vcxproj", "{BAD5F0BA-54F3-480C-9B90-3C0436EDC403}"
EndProject
Project("{8BC9CEB8-8B4A-11D0-8D11-00A0C91BC942}") = "18.ThisPointer", "18.ThisPointer\18.ThisPointer.vcxproj", "{624C1120-B9AB-4937-9325-21094ECD60DD}"
EndProject
Global
	GlobalSection(SolutionConfigurationPlatforms) = preSolution
		Debug|x64 = Debug|x64
		Debug|x86 = Debug|x86
		Release|x64 = Release|x64
		Release|x86 = Release|x86
	EndGlobalSection
	GlobalSection(ProjectConfigurationPlatforms) = postSolution
		{65455085-870B-4906-A74C-37526EF34328}.Debug|x64.ActiveCfg = Debug|x64
		{65455085-870B-4906-A74C-37526EF34328}.Debug|x64.Build.0 = Debug|x64
		{65455085-870B-4906-A74C-37526EF34328}.Debug|x86.ActiveCfg = Debug|Win32
		{65455085-870B-4906-A74C-37526EF34328}.Debug|x86.Build.0 = Debug|Win32
		{65455085-870B-4906-A74C-37526EF34328}.Release|x64.ActiveCfg = Release|x64
		{65455085-870B-4906-A74C-37526EF34328}.Release|x64.Build.0 = Release|x64
		{65455085-870B-4906-A74C-37526EF34328}.Release|x86.ActiveCfg = Release|Win32
		{65455085-870B-4906-A74C-37526EF34328}.Release|x86.Build.0 = Release|Win32
		{EF3D3828-DD10-4B73-A394-B1D6B98951D4}.Debug|x64.ActiveCfg = Debug|x64
		{EF3D3828-DD10-4B73-A394-B1D6B98951D4}.Debug|x64.Build.0 = Debug|x64
		{EF3D3828-DD10-4B73-A394-B1D6B98951D4}.Debug|x86.ActiveCfg = Debug|Win32
		{EF3D3828-DD10-4B73-A394-B1D6B98951D4}.Debug|x86.Build.0 = Debug|Win32
		{EF3D3828-DD10-4B73-A394-B1D6B98951D4}.Release|x64.ActiveCfg = Release|x64
		{EF3D3828-DD10-4B73-A394-B1D6B98951D4}.Release|x64.Build.0 = Release|x64
		{EF3D3828-DD10-4B73-A394-B1D6B98951D4}.Release|x86.ActiveCfg = Release|Win32
		{EF3D3828-DD10-4B73-A394-B1D6B98951D4}.Release|x86.Build.0 = Release|Win32
		{CA1C7FEE-9285-4680-80D5-946D9ED9E0DB}.Debug|x64.ActiveCfg = Debug|x64
		{CA1C7FEE-9285-4680-80D5-946D9ED9E0DB}.Debug|x64.Build.0 = Debug|x64
		{CA1C7FEE-9285-4680-80D5-946D9ED9E0DB}.Debug|x86.ActiveCfg = Debug|Win32
		{CA1C7FEE-9285-4680-80D5-946D9ED9E0DB}.Debug|x86.Build.0 = Debug|Win32
		{CA1C7FEE-9285-4680-80D5-946D9ED9E0DB}.Release|x64.ActiveCfg = Release|x64
		{CA1C7FEE-9285-4680-80D5-946D9ED9E0DB}.Release|x64.Build.0 = Release|x64
		{CA1C7FEE-9285-4680-80D5-946D9ED9E0DB}.Release|x86.ActiveCfg = Release|Win32
		{CA1C7FEE-9285-4680-80D5-946D9ED9E0DB}.Release|x86.Build.0 = Release|Win32
		{28A294A1-DCD1-4D75-A506-E3F052DED896}.Debug|x64.ActiveCfg = Debug|x64
		{28A294A1-DCD1-4D75-A506-E3F052DED896}.Debug|x64.Build.0 = Debug|x64
		{28A294A1-DCD1-4D75-A506-E3F052DED896}.Debug|x86.ActiveCfg = Debug|Win32
		{28A294A1-DCD1-4D75-A506-E3F052DED896}.Debug|x86.Build.0 = Debug|Win32
		{28A294A1-DCD1-4D75-A506-E3F052DED896}.Release|x64.ActiveCfg = Release|x64
		{28A294A1-DCD1-4D75-A506-E3F052DED896}.Release|x64.Build.0 = Release|x64
		{28A294A1-DCD1-4D75-A506-E3F052DED896}.Release|x86.ActiveCfg = Release|Win32
		{28A294A1-DCD1-4D75-A506-E3F052DED896}.Release|x86.Build.0 = Release|Win32
		{B7D601FD-C5C7-46CA-9D48-816A22B2F641}.Debug|x64.ActiveCfg = Debug|x64
		{B7D601FD-C5C7-46CA-9D48-816A22B2F641}.Debug|x64.Build.0 = Debug|x64
		{B7D601FD-C5C7-46CA-9D48-816A22B2F641}.Debug|x86.ActiveCfg = Debug|Win32
		{B7D601FD-C5C7-46CA-9D48-816A22B2F641}.Debug|x86.Build.0 = Debug|Win32
		{B7D601FD-C5C7-46CA-9D48-816A22B2F641}.Release|x64.ActiveCfg = Release|x64
		{B7D601FD-C5C7-46CA-9D48-816A22B2F641}.Release|x64.Build.0 = Release|x64
		{B7D601FD-C5C7-46CA-9D48-816A22B2F641}.Release|x86.ActiveCfg = Release|Win32
		{B7D601FD-C5C7-46CA-9D48-816A22B2F641}.Release|x86.Build.0 = Release|Win32
		{D2FD933B-956A-4ECC-9528-4DDDE77B4295}.Debug|x64.ActiveCfg = Debug|x64
		{D2FD933B-956A-4ECC-9528-4DDDE77B4295}.Debug|x64.Build.0 = Debug|x64
		{D2FD933B-956A-4ECC-9528-4DDDE77B4295}.Debug|x86.ActiveCfg = Debug|Win32
		{D2FD933B-956A-4ECC-9528-4DDDE77B4295}.Debug|x86.Build.0 = Debug|Win32
		{D2FD933B-956A-4ECC-9528-4DDDE77B4295}.Release|x64.ActiveCfg = Release|x64
		{D2FD933B-956A-4ECC-9528-4DDDE77B4295}.Release|x64.Build.0 = Release|x64
		{D2FD933B-956A-4ECC-9528-4DDDE77B4295}.Release|x86.ActiveCfg = Release|Win32
		{D2FD933B-956A-4ECC-9528-4DDDE77B4295}.Release|x86.Build.0 = Release|Win32
		{BEC90F09-B6DA-454D-84EF-E22942550FD4}.Debug|x64.ActiveCfg = Debug|x64
		{BEC90F09-B6DA-454D-84EF-E22942550FD4}.Debug|x64.Build.0 = Debug|x64
		{BEC90F09-B6DA-454D-84EF-E22942550FD4}.Debug|x86.ActiveCfg = Debug|Win32
		{BEC90F09-B6DA-454D-84EF-E22942550FD4}.Debug|x86.Build.0 = Debug|Win32
		{BEC90F09-B6DA-454D-84EF-E22942550FD4}.Release|x64.ActiveCfg = Release|x64
		{BEC90F09-B6DA-454D-84EF-E22942550FD4}.Release|x64.Build.0 = Release|x64
		{BEC90F09-B6DA-454D-84EF-E22942550FD4}.Release|x86.ActiveCfg = Release|Win32
		{BEC90F09-B6DA-454D-84EF-E22942550FD4}.Release|x86.Build.0 = Release|Win32
		{FCD00EFC-645F-4E4C-B7FF-C3EFD2760079}.Debug|x64.ActiveCfg = Debug|x64
		{FCD00EFC-645F-4E4C-B7FF-C3EFD2760079}.Debug|x64.Build.0 = Debug|x64
		{FCD00EFC-645F-4E4C-B7FF-C3EFD2760079}.Debug|x86.ActiveCfg = Debug|Win32
		{FCD00EFC-645F-4E4C-B7FF-C3EFD2760079}.Debug|x86.Build.0 = Debug|Win32
		{FCD00EFC-645F-4E4C-B7FF-C3EFD2760079}.Release|x64.ActiveCfg = Release|x64
		{FCD00EFC-645F-4E4C-B7FF-C3EFD2760079}.Release|x64.Build.0 = Release|x64
		{FCD00EFC-645F-4E4C-B7FF-C3EFD2760079}.Release|x86.ActiveCfg = Release|Win32
		{FCD00EFC-645F-4E4C-B7FF-C3EFD2760079}.Release|x86.Build.0 = Release|Win32
		{48A300D9-4F87-4636-936A-5D3619198915}.Debug|x64.ActiveCfg = Debug|x64
		{48A300D9-4F87-4636-936A-5D3619198915}.Debug|x64.Build.0 = Debug|x64
		{48A300D9-4F87-4636-936A-5D3619198915}.Debug|x86.ActiveCfg = Debug|Win32
		{48A300D9-4F87-4636-936A-5D3619198915}.Debug|x86.Build.0 = Debug|Win32
		{48A300D9-4F87-4636-936A-5D3619198915}.Release|x64.ActiveCfg = Release|x64
		{48A300D9-4F87-4636-936A-5D3619198915}.Release|x64.Build.0 = Release|x64
		{48A300D9-4F87-4636-936A-5D3619198915}.Release|x86.ActiveCfg = Release|Win32
		{48A300D9-4F87-4636-936A-5D3619198915}.Release|x86.Build.0 = Release|Win32
		{58556A4B-8C08-4E35-B0FF-ABBB232BB589}.Debug|x64.ActiveCfg = Debug|x64
		{58556A4B-8C08-4E35-B0FF-ABBB232BB589}.Debug|x64.Build.0 = Debug|x64
		{58556A4B-8C08-4E35-B0FF-ABBB232BB589}.Debug|x86.ActiveCfg = Debug|Win32
		{58556A4B-8C08-4E35-B0FF-ABBB232BB589}.Debug|x86.Build.0 = Debug|Win32
		{58556A4B-8C08-4E35-B0FF-ABBB232BB589}.Release|x64.ActiveCfg = Release|x64
		{58556A4B-8C08-4E35-B0FF-ABBB232BB589}.Release|x64.Build.0 = Release|x64
		{58556A4B-8C08-4E35-B0FF-ABBB232BB589}.Release|x86.ActiveCfg = Release|Win32
		{58556A4B-8C08-4E35-B0FF-ABBB232BB589}.Release|x86.Build.0 = Release|Win32
		{E83018B1-EB91-4C10-8CA7-09C04E6F93DB}.Debug|x64.ActiveCfg = Debug|x64
		{E83018B1-EB91-4C10-8CA7-09C04E6F93DB}.Debug|x64.Build.0 = Debug|x64
		{E83018B1-EB91-4C10-8CA7-09C04E6F93DB}.Debug|x86.ActiveCfg = Debug|Win32
		{E83018B1-EB91-4C10-8CA7-09C04E6F93DB}.Debug|x86.Build.0 = Debug|Win32
		{E83018B1-EB91-4C10-8CA7-09C04E6F93DB}.Release|x64.ActiveCfg = Release|x64
		{E83018B1-EB91-4C10-8CA7-09C04E6F93DB}.Release|x64.Build.0 = Release|x64
		{E83018B1-EB91-4C10-8CA7-09C04E6F93DB}.Release|x86.ActiveCfg = Release|Win32
		{E83018B1-EB91-4C10-8CA7-09C04E6F93DB}.Release|x86.Build.0 = Release|Win32
		{0B42A99F-C6CB-4FF1-8B34-A04462283543}.Debug|x64.ActiveCfg = Debug|x64
		{0B42A99F-C6CB-4FF1-8B34-A04462283543}.Debug|x64.Build.0 = Debug|x64
		{0B42A99F-C6CB-4FF1-8B34-A04462283543}.Debug|x86.ActiveCfg = Debug|Win32
		{0B42A99F-C6CB-4FF1-8B34-A04462283543}.Debug|x86.Build.0 = Debug|Win32
		{0B42A99F-C6CB-4FF1-8B34-A04462283543}.Release|x64.ActiveCfg = Release|x64
		{0B42A99F-C6CB-4FF1-8B34-A04462283543}.Release|x64.Build.0 = Release|x64
		{0B42A99F-C6CB-4FF1-8B34-A04462283543}.Release|x86.ActiveCfg = Release|Win32
		{0B42A99F-C6CB-4FF1-8B34-A04462283543}.Release|x86.Build.0 = Release|Win32
		{99EFEE5E-0052-4471-AFBB-5CF66904ABA7}.Debug|x64.ActiveCfg = Debug|x64
		{99EFEE5E-0052-4471-AFBB-5CF66904ABA7}.Debug|x64.Build.0 = Debug|x64
		{99EFEE5E-0052-4471-AFBB-5CF66904ABA7}.Debug|x86.ActiveCfg = Debug|Win32
		{99EFEE5E-0052-4471-AFBB-5CF66904ABA7}.Debug|x86.Build.0 = Debug|Win32
		{99EFEE5E-0052-4471-AFBB-5CF66904ABA7}.Release|x64.ActiveCfg = Release|x64
		{99EFEE5E-0052-4471-AFBB-5CF66904ABA7}.Release|x64.Build.0 = Release|x64
		{99EFEE5E-0052-4471-AFBB-5CF66904ABA7}.Release|x86.ActiveCfg = Release|Win32
		{99EFEE5E-0052-4471-AFBB-5CF66904ABA7}.Release|x86.Build.0 = Release|Win32
		{90B5D282-D071-4757-A4D6-28C0A5984562}.Debug|x64.ActiveCfg = Debug|x64
		{90B5D282-D071-4757-A4D6-28C0A5984562}.Debug|x64.Build.0 = Debug|x64
		{90B5D282-D071-4757-A4D6-28C0A5984562}.Debug|x86.ActiveCfg = Debug|Win32
		{90B5D282-D071-4757-A4D6-28C0A5984562}.Debug|x86.Build.0 = Debug|Win32
		{90B5D282-D071-4757-A4D6-28C0A5984562}.Release|x64.ActiveCfg = Release|x64
		{90B5D282-D071-4757-A4D6-28C0A5984562}.Release|x64.Build.0 = Release|x64
		{90B5D282-D071-4757-A4D6-28C0A5984562}.Release|x86.ActiveCfg = Release|Win32
		{90B5D282-D071-4757-A4D6-28C0A5984562}.Release|x86.Build.0 = Release|Win32
		{423BFE03-2583-47A8-9AE3-9CC14EFDE105}.Debug|x64.ActiveCfg = Debug|x64
		{423BFE03-2583-47A8-9AE3-9CC14EFDE105}.Debug|x64.Build.0 = Debug|x64
		{423BFE03-2583-47A8-9AE3-9CC14EFDE105}.Debug|x86.ActiveCfg = Debug|Win32
		{423BFE03-2583-47A8-9AE3-9CC14EFDE105}.Debug|x86.Build.0 = Debug|Win32
		{423BFE03-2583-47A8-9AE3-9CC14EFDE105}.Release|x64.ActiveCfg = Release|x64
		{423BFE03-2583-47A8-9AE3-9CC14EFDE105}.Release|x64.Build.0 = Release|x64
		{423BFE03-2583-47A8-9AE3-9CC14EFDE105}.Release|x86.ActiveCfg = Release|Win32
		{423BFE03-2583-47A8-9AE3-9CC14EFDE105}.Release|x86.Build.0 = Release|Win32
		{BAD5F0BA-54F3-480C-9B90-3C0436EDC403}.Debug|x64.ActiveCfg = Debug|x64
		{BAD5F0BA-54F3-480C-9B90-3C0436EDC403}.Debug|x64.Build.0 = Debug|x64
		{BAD5F0BA-54F3-480C-9B90-3C0436EDC403}.Debug|x86.ActiveCfg = Debug|Win32
		{BAD5F0BA-54F3-480C-9B90-3C0436EDC403}.Debug|x86.Build.0 = Debug|Win32
		{BAD5F0BA-54F3-480C-9B90-3C0436EDC403}.Release|x64.ActiveCfg = Release|x64
		{BAD5F0BA-54F3-480C-9B90-3C0436EDC403}.Release|x64.Build.0 = Release|x64
		{BAD5F0BA-54F3-480C-9B90-3C0436EDC403}.Release|x86.ActiveCfg = Release|Win32
		{BAD5F0BA-54F3-480C-9B90-3C0436EDC403}.Release|x86.Build.0 = Release|Win32
		{624C1120-B9AB-4937-9325-21094ECD60DD}.Debug|x64.ActiveCfg = Debug|x64
		{624C1120-B9AB-4937-9325-21094ECD60DD}.Debug|x64.Build.0 = Debug|x64
		{624C1120-B9AB-4937-9325-21094ECD60DD}.Debug|x86.ActiveCfg = Debug|Win32
		{624C1120-B9AB-4937-9325-21094ECD60DD}.Debug|x86.Build.0 = Debug|Win32
		{624C1120-B9AB-4937-9325-21094ECD60DD}.Release|x64.ActiveCfg = Release|x64
		{624C1120-B9AB-4937-9325-21094ECD60DD}.Release|x64.Build.0 = Release|x64
		{624C1120-B9AB-4937-9325-21094ECD60DD}.Release|x86.ActiveCfg = Release|Win32
		{624C1120-B9AB-4937-9325-21094ECD60DD}.Release|x86.Build.0 = Release|Win32
	EndGlobalSection
	GlobalSection(SolutionProperties) = preSolution
		HideSolutionNode = FALSE
	EndGlobalSection
	GlobalSection(ExtensibilityGlobals) = postSolution
		SolutionGuid = {0868EF7C-2394-46D1-AD27-7D21DAE84231}
	EndGlobalSection
EndGlobal
