
Microsoft Visual Studio Solution File, Format Version 12.00
# Visual Studio Version 16
VisualStudioVersion = 16.0.31025.194
MinimumVisualStudioVersion = 10.0.40219.1
Project("{8BC9CEB8-8B4A-11D0-8D11-00A0C91BC942}") = "01.Hello00P2", "01.Hello00P2\01.Hello00P2.vcxproj", "{0D073C5E-D072-4BA9-ACAB-C2D53EBEBA53}"
EndProject
Project("{8BC9CEB8-8B4A-11D0-8D11-00A0C91BC942}") = "02.Hello00P", "02.Hello00P\02.Hello00P.vcxproj", "{C0BD36BF-ABD9-4417-B5EE-1852417453F0}"
EndProject
Project("{8BC9CEB8-8B4A-11D0-8D11-00A0C91BC942}") = "03.MemberInit1", "03.MemberInit1\03.MemberInit1.vcxproj", "{CD6BA6CB-A1DC-4CB6-A8FC-327256132963}"
EndProject
Project("{8BC9CEB8-8B4A-11D0-8D11-00A0C91BC942}") = "04.MemberInit5", "04.MemberInit5\04.MemberInit5.vcxproj", "{D8965C1E-EF49-4826-B099-B0D095CD7556}"
EndProject
Project("{8BC9CEB8-8B4A-11D0-8D11-00A0C91BC942}") = "05.ClassNew", "05.ClassNew\05.ClassNew.vcxproj", "{D089A5CA-D157-45F5-9C2C-8166859060EF}"
EndProject
Project("{8BC9CEB8-8B4A-11D0-8D11-00A0C91BC942}") = "06.RefSample", "06.RefSample\06.RefSample.vcxproj", "{966BB29C-E34D-4ACD-A9B4-B6FDC9066ADF}"
EndProject
Project("{8BC9CEB8-8B4A-11D0-8D11-00A0C91BC942}") = "07.ContructorOver1", "07.ContructorOver1\07.ContructorOver1.vcxproj", "{F57D8B87-C707-4CEA-AABB-2D66FCBB368B}"
EndProject
Project("{8BC9CEB8-8B4A-11D0-8D11-00A0C91BC942}") = "08.ContructorOver2", "08.ContructorOver2\08.ContructorOver2.vcxproj", "{92B4E857-8479-456C-8911-253ECE2D8011}"
EndProject
Project("{8BC9CEB8-8B4A-11D0-8D11-00A0C91BC942}") = "09.ThisPointer", "09.ThisPointer\09.ThisPointer.vcxproj", "{6B267055-3EB5-4979-A859-3AA538BE2321}"
EndProject
Project("{8BC9CEB8-8B4A-11D0-8D11-00A0C91BC942}") = "StringCtrlSample", "StringCtrlSample\StringCtrlSample.vcxproj", "{43440C70-40F5-47BF-ADC0-FAB9171148ED}"
EndProject
Project("{8BC9CEB8-8B4A-11D0-8D11-00A0C91BC942}") = "10.ConstMethod1", "10.ConstMethod1\10.ConstMethod1.vcxproj", "{075B8666-E49F-4CF2-A5F6-48E4F903D814}"
EndProject
Project("{8BC9CEB8-8B4A-11D0-8D11-00A0C91BC942}") = "11.ConstMethod2", "11.ConstMethod2\11.ConstMethod2.vcxproj", "{50F424BE-8906-4D10-8D18-0DEE4AD1A65B}"
EndProject
Project("{8BC9CEB8-8B4A-11D0-8D11-00A0C91BC942}") = "12.ConstCastSample", "12.ConstCastSample\12.ConstCastSample.vcxproj", "{0D348838-69FD-4D04-B6F7-07F44E4FCB8C}"
EndProject
Project("{8BC9CEB8-8B4A-11D0-8D11-00A0C91BC942}") = "13.MemberNotOver", "13.MemberNotOver\13.MemberNotOver.vcxproj", "{34F665D2-0967-4C78-9C30-3B24174794EA}"
EndProject
Project("{8BC9CEB8-8B4A-11D0-8D11-00A0C91BC942}") = "14.MemberOver1", "14.MemberOver1\14.MemberOver1.vcxproj", "{0E7E09A3-8EB7-45BE-A1A9-8A334F6F4F83}"
EndProject
Project("{8BC9CEB8-8B4A-11D0-8D11-00A0C91BC942}") = "15.MemberOver2", "15.MemberOver2\15.MemberOver2.vcxproj", "{A90C38B1-DB58-47A4-A76E-C01629B3A886}"
EndProject
Project("{8BC9CEB8-8B4A-11D0-8D11-00A0C91BC942}") = "16.StaticMember", "16.StaticMember\16.StaticMember.vcxproj", "{527158DC-A368-49D7-9401-9282630AA1E3}"
EndProject
Global
	GlobalSection(SolutionConfigurationPlatforms) = preSolution
		Debug|x64 = Debug|x64
		Debug|x86 = Debug|x86
		Release|x64 = Release|x64
		Release|x86 = Release|x86
	EndGlobalSection
	GlobalSection(ProjectConfigurationPlatforms) = postSolution
		{0D073C5E-D072-4BA9-ACAB-C2D53EBEBA53}.Debug|x64.ActiveCfg = Debug|x64
		{0D073C5E-D072-4BA9-ACAB-C2D53EBEBA53}.Debug|x64.Build.0 = Debug|x64
		{0D073C5E-D072-4BA9-ACAB-C2D53EBEBA53}.Debug|x86.ActiveCfg = Debug|Win32
		{0D073C5E-D072-4BA9-ACAB-C2D53EBEBA53}.Debug|x86.Build.0 = Debug|Win32
		{0D073C5E-D072-4BA9-ACAB-C2D53EBEBA53}.Release|x64.ActiveCfg = Release|x64
		{0D073C5E-D072-4BA9-ACAB-C2D53EBEBA53}.Release|x64.Build.0 = Release|x64
		{0D073C5E-D072-4BA9-ACAB-C2D53EBEBA53}.Release|x86.ActiveCfg = Release|Win32
		{0D073C5E-D072-4BA9-ACAB-C2D53EBEBA53}.Release|x86.Build.0 = Release|Win32
		{C0BD36BF-ABD9-4417-B5EE-1852417453F0}.Debug|x64.ActiveCfg = Debug|x64
		{C0BD36BF-ABD9-4417-B5EE-1852417453F0}.Debug|x64.Build.0 = Debug|x64
		{C0BD36BF-ABD9-4417-B5EE-1852417453F0}.Debug|x86.ActiveCfg = Debug|Win32
		{C0BD36BF-ABD9-4417-B5EE-1852417453F0}.Debug|x86.Build.0 = Debug|Win32
		{C0BD36BF-ABD9-4417-B5EE-1852417453F0}.Release|x64.ActiveCfg = Release|x64
		{C0BD36BF-ABD9-4417-B5EE-1852417453F0}.Release|x64.Build.0 = Release|x64
		{C0BD36BF-ABD9-4417-B5EE-1852417453F0}.Release|x86.ActiveCfg = Release|Win32
		{C0BD36BF-ABD9-4417-B5EE-1852417453F0}.Release|x86.Build.0 = Release|Win32
		{CD6BA6CB-A1DC-4CB6-A8FC-327256132963}.Debug|x64.ActiveCfg = Debug|x64
		{CD6BA6CB-A1DC-4CB6-A8FC-327256132963}.Debug|x64.Build.0 = Debug|x64
		{CD6BA6CB-A1DC-4CB6-A8FC-327256132963}.Debug|x86.ActiveCfg = Debug|Win32
		{CD6BA6CB-A1DC-4CB6-A8FC-327256132963}.Debug|x86.Build.0 = Debug|Win32
		{CD6BA6CB-A1DC-4CB6-A8FC-327256132963}.Release|x64.ActiveCfg = Release|x64
		{CD6BA6CB-A1DC-4CB6-A8FC-327256132963}.Release|x64.Build.0 = Release|x64
		{CD6BA6CB-A1DC-4CB6-A8FC-327256132963}.Release|x86.ActiveCfg = Release|Win32
		{CD6BA6CB-A1DC-4CB6-A8FC-327256132963}.Release|x86.Build.0 = Release|Win32
		{D8965C1E-EF49-4826-B099-B0D095CD7556}.Debug|x64.ActiveCfg = Debug|x64
		{D8965C1E-EF49-4826-B099-B0D095CD7556}.Debug|x64.Build.0 = Debug|x64
		{D8965C1E-EF49-4826-B099-B0D095CD7556}.Debug|x86.ActiveCfg = Debug|Win32
		{D8965C1E-EF49-4826-B099-B0D095CD7556}.Debug|x86.Build.0 = Debug|Win32
		{D8965C1E-EF49-4826-B099-B0D095CD7556}.Release|x64.ActiveCfg = Release|x64
		{D8965C1E-EF49-4826-B099-B0D095CD7556}.Release|x64.Build.0 = Release|x64
		{D8965C1E-EF49-4826-B099-B0D095CD7556}.Release|x86.ActiveCfg = Release|Win32
		{D8965C1E-EF49-4826-B099-B0D095CD7556}.Release|x86.Build.0 = Release|Win32
		{D089A5CA-D157-45F5-9C2C-8166859060EF}.Debug|x64.ActiveCfg = Debug|x64
		{D089A5CA-D157-45F5-9C2C-8166859060EF}.Debug|x64.Build.0 = Debug|x64
		{D089A5CA-D157-45F5-9C2C-8166859060EF}.Debug|x86.ActiveCfg = Debug|Win32
		{D089A5CA-D157-45F5-9C2C-8166859060EF}.Debug|x86.Build.0 = Debug|Win32
		{D089A5CA-D157-45F5-9C2C-8166859060EF}.Release|x64.ActiveCfg = Release|x64
		{D089A5CA-D157-45F5-9C2C-8166859060EF}.Release|x64.Build.0 = Release|x64
		{D089A5CA-D157-45F5-9C2C-8166859060EF}.Release|x86.ActiveCfg = Release|Win32
		{D089A5CA-D157-45F5-9C2C-8166859060EF}.Release|x86.Build.0 = Release|Win32
		{966BB29C-E34D-4ACD-A9B4-B6FDC9066ADF}.Debug|x64.ActiveCfg = Debug|x64
		{966BB29C-E34D-4ACD-A9B4-B6FDC9066ADF}.Debug|x64.Build.0 = Debug|x64
		{966BB29C-E34D-4ACD-A9B4-B6FDC9066ADF}.Debug|x86.ActiveCfg = Debug|Win32
		{966BB29C-E34D-4ACD-A9B4-B6FDC9066ADF}.Debug|x86.Build.0 = Debug|Win32
		{966BB29C-E34D-4ACD-A9B4-B6FDC9066ADF}.Release|x64.ActiveCfg = Release|x64
		{966BB29C-E34D-4ACD-A9B4-B6FDC9066ADF}.Release|x64.Build.0 = Release|x64
		{966BB29C-E34D-4ACD-A9B4-B6FDC9066ADF}.Release|x86.ActiveCfg = Release|Win32
		{966BB29C-E34D-4ACD-A9B4-B6FDC9066ADF}.Release|x86.Build.0 = Release|Win32
		{F57D8B87-C707-4CEA-AABB-2D66FCBB368B}.Debug|x64.ActiveCfg = Debug|x64
		{F57D8B87-C707-4CEA-AABB-2D66FCBB368B}.Debug|x64.Build.0 = Debug|x64
		{F57D8B87-C707-4CEA-AABB-2D66FCBB368B}.Debug|x86.ActiveCfg = Debug|Win32
		{F57D8B87-C707-4CEA-AABB-2D66FCBB368B}.Debug|x86.Build.0 = Debug|Win32
		{F57D8B87-C707-4CEA-AABB-2D66FCBB368B}.Release|x64.ActiveCfg = Release|x64
		{F57D8B87-C707-4CEA-AABB-2D66FCBB368B}.Release|x64.Build.0 = Release|x64
		{F57D8B87-C707-4CEA-AABB-2D66FCBB368B}.Release|x86.ActiveCfg = Release|Win32
		{F57D8B87-C707-4CEA-AABB-2D66FCBB368B}.Release|x86.Build.0 = Release|Win32
		{92B4E857-8479-456C-8911-253ECE2D8011}.Debug|x64.ActiveCfg = Debug|x64
		{92B4E857-8479-456C-8911-253ECE2D8011}.Debug|x64.Build.0 = Debug|x64
		{92B4E857-8479-456C-8911-253ECE2D8011}.Debug|x86.ActiveCfg = Debug|Win32
		{92B4E857-8479-456C-8911-253ECE2D8011}.Debug|x86.Build.0 = Debug|Win32
		{92B4E857-8479-456C-8911-253ECE2D8011}.Release|x64.ActiveCfg = Release|x64
		{92B4E857-8479-456C-8911-253ECE2D8011}.Release|x64.Build.0 = Release|x64
		{92B4E857-8479-456C-8911-253ECE2D8011}.Release|x86.ActiveCfg = Release|Win32
		{92B4E857-8479-456C-8911-253ECE2D8011}.Release|x86.Build.0 = Release|Win32
		{6B267055-3EB5-4979-A859-3AA538BE2321}.Debug|x64.ActiveCfg = Debug|x64
		{6B267055-3EB5-4979-A859-3AA538BE2321}.Debug|x64.Build.0 = Debug|x64
		{6B267055-3EB5-4979-A859-3AA538BE2321}.Debug|x86.ActiveCfg = Debug|Win32
		{6B267055-3EB5-4979-A859-3AA538BE2321}.Debug|x86.Build.0 = Debug|Win32
		{6B267055-3EB5-4979-A859-3AA538BE2321}.Release|x64.ActiveCfg = Release|x64
		{6B267055-3EB5-4979-A859-3AA538BE2321}.Release|x64.Build.0 = Release|x64
		{6B267055-3EB5-4979-A859-3AA538BE2321}.Release|x86.ActiveCfg = Release|Win32
		{6B267055-3EB5-4979-A859-3AA538BE2321}.Release|x86.Build.0 = Release|Win32
		{43440C70-40F5-47BF-ADC0-FAB9171148ED}.Debug|x64.ActiveCfg = Debug|x64
		{43440C70-40F5-47BF-ADC0-FAB9171148ED}.Debug|x64.Build.0 = Debug|x64
		{43440C70-40F5-47BF-ADC0-FAB9171148ED}.Debug|x86.ActiveCfg = Debug|Win32
		{43440C70-40F5-47BF-ADC0-FAB9171148ED}.Debug|x86.Build.0 = Debug|Win32
		{43440C70-40F5-47BF-ADC0-FAB9171148ED}.Release|x64.ActiveCfg = Release|x64
		{43440C70-40F5-47BF-ADC0-FAB9171148ED}.Release|x64.Build.0 = Release|x64
		{43440C70-40F5-47BF-ADC0-FAB9171148ED}.Release|x86.ActiveCfg = Release|Win32
		{43440C70-40F5-47BF-ADC0-FAB9171148ED}.Release|x86.Build.0 = Release|Win32
		{075B8666-E49F-4CF2-A5F6-48E4F903D814}.Debug|x64.ActiveCfg = Debug|x64
		{075B8666-E49F-4CF2-A5F6-48E4F903D814}.Debug|x64.Build.0 = Debug|x64
		{075B8666-E49F-4CF2-A5F6-48E4F903D814}.Debug|x86.ActiveCfg = Debug|Win32
		{075B8666-E49F-4CF2-A5F6-48E4F903D814}.Debug|x86.Build.0 = Debug|Win32
		{075B8666-E49F-4CF2-A5F6-48E4F903D814}.Release|x64.ActiveCfg = Release|x64
		{075B8666-E49F-4CF2-A5F6-48E4F903D814}.Release|x64.Build.0 = Release|x64
		{075B8666-E49F-4CF2-A5F6-48E4F903D814}.Release|x86.ActiveCfg = Release|Win32
		{075B8666-E49F-4CF2-A5F6-48E4F903D814}.Release|x86.Build.0 = Release|Win32
		{50F424BE-8906-4D10-8D18-0DEE4AD1A65B}.Debug|x64.ActiveCfg = Debug|x64
		{50F424BE-8906-4D10-8D18-0DEE4AD1A65B}.Debug|x64.Build.0 = Debug|x64
		{50F424BE-8906-4D10-8D18-0DEE4AD1A65B}.Debug|x86.ActiveCfg = Debug|Win32
		{50F424BE-8906-4D10-8D18-0DEE4AD1A65B}.Debug|x86.Build.0 = Debug|Win32
		{50F424BE-8906-4D10-8D18-0DEE4AD1A65B}.Release|x64.ActiveCfg = Release|x64
		{50F424BE-8906-4D10-8D18-0DEE4AD1A65B}.Release|x64.Build.0 = Release|x64
		{50F424BE-8906-4D10-8D18-0DEE4AD1A65B}.Release|x86.ActiveCfg = Release|Win32
		{50F424BE-8906-4D10-8D18-0DEE4AD1A65B}.Release|x86.Build.0 = Release|Win32
		{0D348838-69FD-4D04-B6F7-07F44E4FCB8C}.Debug|x64.ActiveCfg = Debug|x64
		{0D348838-69FD-4D04-B6F7-07F44E4FCB8C}.Debug|x64.Build.0 = Debug|x64
		{0D348838-69FD-4D04-B6F7-07F44E4FCB8C}.Debug|x86.ActiveCfg = Debug|Win32
		{0D348838-69FD-4D04-B6F7-07F44E4FCB8C}.Debug|x86.Build.0 = Debug|Win32
		{0D348838-69FD-4D04-B6F7-07F44E4FCB8C}.Release|x64.ActiveCfg = Release|x64
		{0D348838-69FD-4D04-B6F7-07F44E4FCB8C}.Release|x64.Build.0 = Release|x64
		{0D348838-69FD-4D04-B6F7-07F44E4FCB8C}.Release|x86.ActiveCfg = Release|Win32
		{0D348838-69FD-4D04-B6F7-07F44E4FCB8C}.Release|x86.Build.0 = Release|Win32
		{34F665D2-0967-4C78-9C30-3B24174794EA}.Debug|x64.ActiveCfg = Debug|x64
		{34F665D2-0967-4C78-9C30-3B24174794EA}.Debug|x64.Build.0 = Debug|x64
		{34F665D2-0967-4C78-9C30-3B24174794EA}.Debug|x86.ActiveCfg = Debug|Win32
		{34F665D2-0967-4C78-9C30-3B24174794EA}.Debug|x86.Build.0 = Debug|Win32
		{34F665D2-0967-4C78-9C30-3B24174794EA}.Release|x64.ActiveCfg = Release|x64
		{34F665D2-0967-4C78-9C30-3B24174794EA}.Release|x64.Build.0 = Release|x64
		{34F665D2-0967-4C78-9C30-3B24174794EA}.Release|x86.ActiveCfg = Release|Win32
		{34F665D2-0967-4C78-9C30-3B24174794EA}.Release|x86.Build.0 = Release|Win32
		{0E7E09A3-8EB7-45BE-A1A9-8A334F6F4F83}.Debug|x64.ActiveCfg = Debug|x64
		{0E7E09A3-8EB7-45BE-A1A9-8A334F6F4F83}.Debug|x64.Build.0 = Debug|x64
		{0E7E09A3-8EB7-45BE-A1A9-8A334F6F4F83}.Debug|x86.ActiveCfg = Debug|Win32
		{0E7E09A3-8EB7-45BE-A1A9-8A334F6F4F83}.Debug|x86.Build.0 = Debug|Win32
		{0E7E09A3-8EB7-45BE-A1A9-8A334F6F4F83}.Release|x64.ActiveCfg = Release|x64
		{0E7E09A3-8EB7-45BE-A1A9-8A334F6F4F83}.Release|x64.Build.0 = Release|x64
		{0E7E09A3-8EB7-45BE-A1A9-8A334F6F4F83}.Release|x86.ActiveCfg = Release|Win32
		{0E7E09A3-8EB7-45BE-A1A9-8A334F6F4F83}.Release|x86.Build.0 = Release|Win32
		{A90C38B1-DB58-47A4-A76E-C01629B3A886}.Debug|x64.ActiveCfg = Debug|x64
		{A90C38B1-DB58-47A4-A76E-C01629B3A886}.Debug|x64.Build.0 = Debug|x64
		{A90C38B1-DB58-47A4-A76E-C01629B3A886}.Debug|x86.ActiveCfg = Debug|Win32
		{A90C38B1-DB58-47A4-A76E-C01629B3A886}.Debug|x86.Build.0 = Debug|Win32
		{A90C38B1-DB58-47A4-A76E-C01629B3A886}.Release|x64.ActiveCfg = Release|x64
		{A90C38B1-DB58-47A4-A76E-C01629B3A886}.Release|x64.Build.0 = Release|x64
		{A90C38B1-DB58-47A4-A76E-C01629B3A886}.Release|x86.ActiveCfg = Release|Win32
		{A90C38B1-DB58-47A4-A76E-C01629B3A886}.Release|x86.Build.0 = Release|Win32
		{527158DC-A368-49D7-9401-9282630AA1E3}.Debug|x64.ActiveCfg = Debug|x64
		{527158DC-A368-49D7-9401-9282630AA1E3}.Debug|x64.Build.0 = Debug|x64
		{527158DC-A368-49D7-9401-9282630AA1E3}.Debug|x86.ActiveCfg = Debug|Win32
		{527158DC-A368-49D7-9401-9282630AA1E3}.Debug|x86.Build.0 = Debug|Win32
		{527158DC-A368-49D7-9401-9282630AA1E3}.Release|x64.ActiveCfg = Release|x64
		{527158DC-A368-49D7-9401-9282630AA1E3}.Release|x64.Build.0 = Release|x64
		{527158DC-A368-49D7-9401-9282630AA1E3}.Release|x86.ActiveCfg = Release|Win32
		{527158DC-A368-49D7-9401-9282630AA1E3}.Release|x86.Build.0 = Release|Win32
	EndGlobalSection
	GlobalSection(SolutionProperties) = preSolution
		HideSolutionNode = FALSE
	EndGlobalSection
	GlobalSection(ExtensibilityGlobals) = postSolution
		SolutionGuid = {F0CA264B-9261-4256-99F7-E709EF6462FD}
	EndGlobalSection
EndGlobal
